[[dependencies]]
name = "forge-std"
version = "1.9.6"
url = "https://soldeer-revisions.s3.amazonaws.com/forge-std/1_9_6_01-02-2025_20:49:10_forge-std-1.9.zip"
checksum = "55f341818321b3f925161a72fd0dcd62e4a0a4b66785a7a932bf2bfaf96fb9d1"
integrity = "e9ecdc364d152157431e5df5aa041ffddbe9bb1c1ad81634b1e72df9e23814e8"

[[dependencies]]
name = "tnt-core"
version = "0.10.9"
url = "https://soldeer-revisions.s3.amazonaws.com/tnt-core/0_10_9_24-04-2026_03:56:11_tnt-core.zip"
checksum = "d7a5b2c0dd620a2801d300680d599535fab9128e3c30ca9c8f43b8dfdf2b5c0c"
integrity = "02bb7d7371ce17f6c82141cb62589d598e3f3db92a632336c11e4c4207a1aa76"
